
Microsoft Visual Studio Solution File, Format Version 12.00
# Visual Studio Version 17
VisualStudioVersion = 17.6.33815.320
MinimumVisualStudioVersion = 10.0.40219.1
Project("{FAE04EC0-301F-11D3-BF4B-00C04F79EFBC}") = "CakeBuild", "civpatches\CakeBuild\CakeBuild.csproj", "{1D47F071-C10D-483C-AA18-1677429C7DCA}"
EndProject
Project("{FAE04EC0-301F-11D3-BF4B-00C04F79EFBC}") = "civpatches", "civpatches\civpatches\civpatches.csproj", "{71F428DE-3778-4CA1-9732-CD2E48E5D336}"
EndProject
Global
	GlobalSection(SolutionConfigurationPlatforms) = preSolution
		Debug|Any CPU = Debug|Any CPU
		Release|Any CPU = Release|Any CPU
	EndGlobalSection
	GlobalSection(ProjectConfigurationPlatforms) = postSolution
		{1D47F071-C10D-483C-AA18-1677429C7DCA}.Debug|Any CPU.ActiveCfg = Debug|Any CPU
		{1D47F071-C10D-483C-AA18-1677429C7DCA}.Debug|Any CPU.Build.0 = Debug|Any CPU
		{1D47F071-C10D-483C-AA18-1677429C7DCA}.Release|Any CPU.ActiveCfg = Release|Any CPU
		{1D47F071-C10D-483C-AA18-1677429C7DCA}.Release|Any CPU.Build.0 = Release|Any CPU
		{71F428DE-3778-4CA1-9732-CD2E48E5D336}.Debug|Any CPU.ActiveCfg = Debug|Any CPU
		{71F428DE-3778-4CA1-9732-CD2E48E5D336}.Debug|Any CPU.Build.0 = Debug|Any CPU
		{71F428DE-3778-4CA1-9732-CD2E48E5D336}.Release|Any CPU.ActiveCfg = Release|Any CPU
		{71F428DE-3778-4CA1-9732-CD2E48E5D336}.Release|Any CPU.Build.0 = Release|Any CPU
	EndGlobalSection
	GlobalSection(SolutionProperties) = preSolution
		HideSolutionNode = FALSE
	EndGlobalSection
	GlobalSection(ExtensibilityGlobals) = postSolution
		SolutionGuid = {3A662709-E7B5-4D55-B915-8418E278003A}
	EndGlobalSection
EndGlobal
